// !$*UTF8*$!
{
	archiveVersion = 1;
	classes = {
	};
	objectVersion = 55;
	objects = {

/* Begin PBXBuildFile section */
		F733DAAC2858B7B9009EF7EC /* AppDelegate.swift in Sources */ = {isa = PBXBuildFile; fileRef = F733DAAB2858B7B9009EF7EC /* AppDelegate.swift */; };
		F733DAAE2858B7B9009EF7EC /* SceneDelegate.swift in Sources */ = {isa = PBXBuildFile; fileRef = F733DAAD2858B7B9009EF7EC /* SceneDelegate.swift */; };
		F733DAB32858B7B9009EF7EC /* Main.storyboard in Resources */ = {isa = PBXBuildFile; fileRef = F733DAB12858B7B9009EF7EC /* Main.storyboard */; };
		F733DAB52858B7BC009EF7EC /* Assets.xcassets in Resources */ = {isa = PBXBuildFile; fileRef = F733DAB42858B7BC009EF7EC /* Assets.xcassets */; };
		F733DAB82858B7BC009EF7EC /* LaunchScreen.storyboard in Resources */ = {isa = PBXBuildFile; fileRef = F733DAB62858B7BC009EF7EC /* LaunchScreen.storyboard */; };
		F733DAC62858B99A009EF7EC /* MainTabController.swift in Sources */ = {isa = PBXBuildFile; fileRef = F733DAC52858B99A009EF7EC /* MainTabController.swift */; };
		F733DAC82858BBCA009EF7EC /* FeedController.swift in Sources */ = {isa = PBXBuildFile; fileRef = F733DAC72858BBCA009EF7EC /* FeedController.swift */; };
		F733DACA2858BC24009EF7EC /* ExploreController.swift in Sources */ = {isa = PBXBuildFile; fileRef = F733DAC92858BC24009EF7EC /* ExploreController.swift */; };
		F733DACC2858BC33009EF7EC /* NotificationsController.swift in Sources */ = {isa = PBXBuildFile; fileRef = F733DACB2858BC33009EF7EC /* NotificationsController.swift */; };
		F733DACE2858BC45009EF7EC /* ConversationsController.swift in Sources */ = {isa = PBXBuildFile; fileRef = F733DACD2858BC45009EF7EC /* ConversationsController.swift */; };
		F733DAD02858C95B009EF7EC /* Extensions.swift in Sources */ = {isa = PBXBuildFile; fileRef = F733DACF2858C95B009EF7EC /* Extensions.swift */; };
		F733DAD3285B8456009EF7EC /* LoginController.swift in Sources */ = {isa = PBXBuildFile; fileRef = F733DAD2285B8456009EF7EC /* LoginController.swift */; };
		F733DAD5285B84E7009EF7EC /* RegistrationController.swift in Sources */ = {isa = PBXBuildFile; fileRef = F733DAD4285B84E7009EF7EC /* RegistrationController.swift */; };
		F78491DF286338E0002CDECA /* Utilities.swift in Sources */ = {isa = PBXBuildFile; fileRef = F78491DE286338E0002CDECA /* Utilities.swift */; };
		F7B51C2128649C32006AC8A4 /* GoogleService-Info.plist in Resources */ = {isa = PBXBuildFile; fileRef = F7B51C2028649C32006AC8A4 /* GoogleService-Info.plist */; };
		F7B51C252864A0B6006AC8A4 /* FirebaseAuth in Frameworks */ = {isa = PBXBuildFile; productRef = F7B51C242864A0B6006AC8A4 /* FirebaseAuth */; };
		F7B51C272864A0B6006AC8A4 /* FirebaseDatabase in Frameworks */ = {isa = PBXBuildFile; productRef = F7B51C262864A0B6006AC8A4 /* FirebaseDatabase */; };
		F7B51C292864A0B6006AC8A4 /* FirebaseFirestore in Frameworks */ = {isa = PBXBuildFile; productRef = F7B51C282864A0B6006AC8A4 /* FirebaseFirestore */; };
		F7B51C2B2864A0B6006AC8A4 /* FirebaseStorage in Frameworks */ = {isa = PBXBuildFile; productRef = F7B51C2A2864A0B6006AC8A4 /* FirebaseStorage */; };
		F7B51C2D2865F317006AC8A4 /* Constants.swift in Sources */ = {isa = PBXBuildFile; fileRef = F7B51C2C2865F317006AC8A4 /* Constants.swift */; };
		F7B51C2F2866046B006AC8A4 /* AuthService.swift in Sources */ = {isa = PBXBuildFile; fileRef = F7B51C2E2866046B006AC8A4 /* AuthService.swift */; };
		F7B51C33286B3F64006AC8A4 /* UserService.swift in Sources */ = {isa = PBXBuildFile; fileRef = F7B51C32286B3F63006AC8A4 /* UserService.swift */; };
		F7B51C35286B4B07006AC8A4 /* User.swift in Sources */ = {isa = PBXBuildFile; fileRef = F7B51C34286B4B07006AC8A4 /* User.swift */; };
		F7B51C38286B521A006AC8A4 /* SDWebImage in Frameworks */ = {isa = PBXBuildFile; productRef = F7B51C37286B521A006AC8A4 /* SDWebImage */; };
		F7B51C3A286C2707006AC8A4 /* UploadTweetController.swift in Sources */ = {isa = PBXBuildFile; fileRef = F7B51C39286C2707006AC8A4 /* UploadTweetController.swift */; };
		F7B51C3E286C6702006AC8A4 /* CaptionTextView.swift in Sources */ = {isa = PBXBuildFile; fileRef = F7B51C3D286C6702006AC8A4 /* CaptionTextView.swift */; };
		F7B51C40286D8C12006AC8A4 /* TweetService.swift in Sources */ = {isa = PBXBuildFile; fileRef = F7B51C3F286D8C11006AC8A4 /* TweetService.swift */; };
/* End PBXBuildFile section */

/* Begin PBXFileReference section */
		F733DAA82858B7B9009EF7EC /* TwitterClone-MVVM.app */ = {isa = PBXFileReference; explicitFileType = wrapper.application; includeInIndex = 0; path = "TwitterClone-MVVM.app"; sourceTree = BUILT_PRODUCTS_DIR; };
		F733DAAB2858B7B9009EF7EC /* AppDelegate.swift */ = {isa = PBXFileReference; lastKnownFileType = sourcecode.swift; path = AppDelegate.swift; sourceTree = "<group>"; };
		F733DAAD2858B7B9009EF7EC /* SceneDelegate.swift */ = {isa = PBXFileReference; lastKnownFileType = sourcecode.swift; path = SceneDelegate.swift; sourceTree = "<group>"; };
		F733DAB22858B7B9009EF7EC /* Base */ = {isa = PBXFileReference; lastKnownFileType = file.storyboard; name = Base; path = Base.lproj/Main.storyboard; sourceTree = "<group>"; };
		F733DAB42858B7BC009EF7EC /* Assets.xcassets */ = {isa = PBXFileReference; lastKnownFileType = folder.assetcatalog; path = Assets.xcassets; sourceTree = "<group>"; };
		F733DAB72858B7BC009EF7EC /* Base */ = {isa = PBXFileReference; lastKnownFileType = file.storyboard; name = Base; path = Base.lproj/LaunchScreen.storyboard; sourceTree = "<group>"; };
		F733DAB92858B7BC009EF7EC /* Info.plist */ = {isa = PBXFileReference; lastKnownFileType = text.plist.xml; path = Info.plist; sourceTree = "<group>"; };
		F733DAC52858B99A009EF7EC /* MainTabController.swift */ = {isa = PBXFileReference; lastKnownFileType = sourcecode.swift; path = MainTabController.swift; sourceTree = "<group>"; };
		F733DAC72858BBCA009EF7EC /* FeedController.swift */ = {isa = PBXFileReference; lastKnownFileType = sourcecode.swift; path = FeedController.swift; sourceTree = "<group>"; };
		F733DAC92858BC24009EF7EC /* ExploreController.swift */ = {isa = PBXFileReference; lastKnownFileType = sourcecode.swift; path = ExploreController.swift; sourceTree = "<group>"; };
		F733DACB2858BC33009EF7EC /* NotificationsController.swift */ = {isa = PBXFileReference; lastKnownFileType = sourcecode.swift; path = NotificationsController.swift; sourceTree = "<group>"; };
		F733DACD2858BC45009EF7EC /* ConversationsController.swift */ = {isa = PBXFileReference; lastKnownFileType = sourcecode.swift; path = ConversationsController.swift; sourceTree = "<group>"; };
		F733DACF2858C95B009EF7EC /* Extensions.swift */ = {isa = PBXFileReference; lastKnownFileType = sourcecode.swift; path = Extensions.swift; sourceTree = "<group>"; };
		F733DAD2285B8456009EF7EC /* LoginController.swift */ = {isa = PBXFileReference; lastKnownFileType = sourcecode.swift; path = LoginController.swift; sourceTree = "<group>"; };
		F733DAD4285B84E7009EF7EC /* RegistrationController.swift */ = {isa = PBXFileReference; lastKnownFileType = sourcecode.swift; path = RegistrationController.swift; sourceTree = "<group>"; };
		F78491DE286338E0002CDECA /* Utilities.swift */ = {isa = PBXFileReference; lastKnownFileType = sourcecode.swift; path = Utilities.swift; sourceTree = "<group>"; };
		F7B51C2028649C32006AC8A4 /* GoogleService-Info.plist */ = {isa = PBXFileReference; fileEncoding = 4; lastKnownFileType = text.plist.xml; path = "GoogleService-Info.plist"; sourceTree = "<group>"; };
		F7B51C2C2865F317006AC8A4 /* Constants.swift */ = {isa = PBXFileReference; lastKnownFileType = sourcecode.swift; path = Constants.swift; sourceTree = "<group>"; };
		F7B51C2E2866046B006AC8A4 /* AuthService.swift */ = {isa = PBXFileReference; lastKnownFileType = sourcecode.swift; path = AuthService.swift; sourceTree = "<group>"; };
		F7B51C32286B3F63006AC8A4 /* UserService.swift */ = {isa = PBXFileReference; lastKnownFileType = sourcecode.swift; path = UserService.swift; sourceTree = "<group>"; };
		F7B51C34286B4B07006AC8A4 /* User.swift */ = {isa = PBXFileReference; lastKnownFileType = sourcecode.swift; path = User.swift; sourceTree = "<group>"; };
		F7B51C39286C2707006AC8A4 /* UploadTweetController.swift */ = {isa = PBXFileReference; lastKnownFileType = sourcecode.swift; path = UploadTweetController.swift; sourceTree = "<group>"; };
		F7B51C3D286C6702006AC8A4 /* CaptionTextView.swift */ = {isa = PBXFileReference; lastKnownFileType = sourcecode.swift; path = CaptionTextView.swift; sourceTree = "<group>"; };
		F7B51C3F286D8C11006AC8A4 /* TweetService.swift */ = {isa = PBXFileReference; lastKnownFileType = sourcecode.swift; path = TweetService.swift; sourceTree = "<group>"; };
/* End PBXFileReference section */

/* Begin PBXFrameworksBuildPhase section */
		F733DAA52858B7B9009EF7EC /* Frameworks */ = {
			isa = PBXFrameworksBuildPhase;
			buildActionMask = 2147483647;
			files = (
				F7B51C272864A0B6006AC8A4 /* FirebaseDatabase in Frameworks */,
				F7B51C2B2864A0B6006AC8A4 /* FirebaseStorage in Frameworks */,
				F7B51C252864A0B6006AC8A4 /* FirebaseAuth in Frameworks */,
				F7B51C292864A0B6006AC8A4 /* FirebaseFirestore in Frameworks */,
				F7B51C38286B521A006AC8A4 /* SDWebImage in Frameworks */,
			);
			runOnlyForDeploymentPostprocessing = 0;
		};
/* End PBXFrameworksBuildPhase section */

/* Begin PBXGroup section */
		F733DA9F2858B7B9009EF7EC = {
			isa = PBXGroup;
			children = (
				F733DAAA2858B7B9009EF7EC /* TwitterClone-MVVM */,
				F733DAA92858B7B9009EF7EC /* Products */,
			);
			sourceTree = "<group>";
		};
		F733DAA92858B7B9009EF7EC /* Products */ = {
			isa = PBXGroup;
			children = (
				F733DAA82858B7B9009EF7EC /* TwitterClone-MVVM.app */,
			);
			name = Products;
			sourceTree = "<group>";
		};
		F733DAAA2858B7B9009EF7EC /* TwitterClone-MVVM */ = {
			isa = PBXGroup;
			children = (
				F733DAC42858B8DE009EF7EC /* Model */,
				F733DAC32858B8DC009EF7EC /* View */,
				F733DAC22858B8DA009EF7EC /* ViewModel */,
				F733DAC12858B8D7009EF7EC /* Controller */,
				F733DAC02858B8CB009EF7EC /* API */,
				F733DABF2858B8C3009EF7EC /* Utils */,
				F733DAAB2858B7B9009EF7EC /* AppDelegate.swift */,
				F733DAAD2858B7B9009EF7EC /* SceneDelegate.swift */,
				F733DAB12858B7B9009EF7EC /* Main.storyboard */,
				F733DAB42858B7BC009EF7EC /* Assets.xcassets */,
				F733DAB62858B7BC009EF7EC /* LaunchScreen.storyboard */,
				F733DAB92858B7BC009EF7EC /* Info.plist */,
				F7B51C2028649C32006AC8A4 /* GoogleService-Info.plist */,
			);
			path = "TwitterClone-MVVM";
			sourceTree = "<group>";
		};
		F733DABF2858B8C3009EF7EC /* Utils */ = {
			isa = PBXGroup;
			children = (
				F733DACF2858C95B009EF7EC /* Extensions.swift */,
				F78491DE286338E0002CDECA /* Utilities.swift */,
				F7B51C2C2865F317006AC8A4 /* Constants.swift */,
			);
			path = Utils;
			sourceTree = "<group>";
		};
		F733DAC02858B8CB009EF7EC /* API */ = {
			isa = PBXGroup;
			children = (
				F7B51C2E2866046B006AC8A4 /* AuthService.swift */,
				F7B51C32286B3F63006AC8A4 /* UserService.swift */,
				F7B51C3F286D8C11006AC8A4 /* TweetService.swift */,
			);
			path = API;
			sourceTree = "<group>";
		};
		F733DAC12858B8D7009EF7EC /* Controller */ = {
			isa = PBXGroup;
			children = (
				F733DAD1285B843F009EF7EC /* Authentication */,
				F733DAC52858B99A009EF7EC /* MainTabController.swift */,
				F733DAC72858BBCA009EF7EC /* FeedController.swift */,
				F733DAC92858BC24009EF7EC /* ExploreController.swift */,
				F733DACB2858BC33009EF7EC /* NotificationsController.swift */,
				F733DACD2858BC45009EF7EC /* ConversationsController.swift */,
				F7B51C39286C2707006AC8A4 /* UploadTweetController.swift */,
			);
			path = Controller;
			sourceTree = "<group>";
		};
		F733DAC22858B8DA009EF7EC /* ViewModel */ = {
			isa = PBXGroup;
			children = (
			);
			path = ViewModel;
			sourceTree = "<group>";
		};
		F733DAC32858B8DC009EF7EC /* View */ = {
			isa = PBXGroup;
			children = (
				F7B51C3D286C6702006AC8A4 /* CaptionTextView.swift */,
			);
			path = View;
			sourceTree = "<group>";
		};
		F733DAC42858B8DE009EF7EC /* Model */ = {
			isa = PBXGroup;
			children = (
				F7B51C34286B4B07006AC8A4 /* User.swift */,
			);
			path = Model;
			sourceTree = "<group>";
		};
		F733DAD1285B843F009EF7EC /* Authentication */ = {
			isa = PBXGroup;
			children = (
				F733DAD2285B8456009EF7EC /* LoginController.swift */,
				F733DAD4285B84E7009EF7EC /* RegistrationController.swift */,
			);
			path = Authentication;
			sourceTree = "<group>";
		};
/* End PBXGroup section */

/* Begin PBXNativeTarget section */
		F733DAA72858B7B9009EF7EC /* TwitterClone-MVVM */ = {
			isa = PBXNativeTarget;
			buildConfigurationList = F733DABC2858B7BC009EF7EC /* Build configuration list for PBXNativeTarget "TwitterClone-MVVM" */;
			buildPhases = (
				F733DAA42858B7B9009EF7EC /* Sources */,
				F733DAA52858B7B9009EF7EC /* Frameworks */,
				F733DAA62858B7B9009EF7EC /* Resources */,
			);
			buildRules = (
			);
			dependencies = (
			);
			name = "TwitterClone-MVVM";
			packageProductDependencies = (
				F7B51C242864A0B6006AC8A4 /* FirebaseAuth */,
				F7B51C262864A0B6006AC8A4 /* FirebaseDatabase */,
				F7B51C282864A0B6006AC8A4 /* FirebaseFirestore */,
				F7B51C2A2864A0B6006AC8A4 /* FirebaseStorage */,
				F7B51C37286B521A006AC8A4 /* SDWebImage */,
			);
			productName = "TwitterClone-MVVM";
			productReference = F733DAA82858B7B9009EF7EC /* TwitterClone-MVVM.app */;
			productType = "com.apple.product-type.application";
		};
/* End PBXNativeTarget section */

/* Begin PBXProject section */
		F733DAA02858B7B9009EF7EC /* Project object */ = {
			isa = PBXProject;
			attributes = {
				BuildIndependentTargetsInParallel = 1;
				LastSwiftUpdateCheck = 1340;
				LastUpgradeCheck = 1340;
				TargetAttributes = {
					F733DAA72858B7B9009EF7EC = {
						CreatedOnToolsVersion = 13.4;
					};
				};
			};
			buildConfigurationList = F733DAA32858B7B9009EF7EC /* Build configuration list for PBXProject "TwitterClone-MVVM" */;
			compatibilityVersion = "Xcode 13.0";
			developmentRegion = en;
			hasScannedForEncodings = 0;
			knownRegions = (
				en,
				Base,
			);
			mainGroup = F733DA9F2858B7B9009EF7EC;
			packageReferences = (
				F7B51C232864A0B6006AC8A4 /* XCRemoteSwiftPackageReference "firebase-ios-sdk" */,
				F7B51C36286B5219006AC8A4 /* XCRemoteSwiftPackageReference "SDWebImage" */,
			);
			productRefGroup = F733DAA92858B7B9009EF7EC /* Products */;
			projectDirPath = "";
			projectRoot = "";
			targets = (
				F733DAA72858B7B9009EF7EC /* TwitterClone-MVVM */,
			);
		};
/* End PBXProject section */

/* Begin PBXResourcesBuildPhase section */
		F733DAA62858B7B9009EF7EC /* Resources */ = {
			isa = PBXResourcesBuildPhase;
			buildActionMask = 2147483647;
			files = (
				F733DAB82858B7BC009EF7EC /* LaunchScreen.storyboard in Resources */,
				F7B51C2128649C32006AC8A4 /* GoogleService-Info.plist in Resources */,
				F733DAB52858B7BC009EF7EC /* Assets.xcassets in Resources */,
				F733DAB32858B7B9009EF7EC /* Main.storyboard in Resources */,
			);
			runOnlyForDeploymentPostprocessing = 0;
		};
/* End PBXResourcesBuildPhase section */

/* Begin PBXSourcesBuildPhase section */
		F733DAA42858B7B9009EF7EC /* Sources */ = {
			isa = PBXSourcesBuildPhase;
			buildActionMask = 2147483647;
			files = (
				F7B51C33286B3F64006AC8A4 /* UserService.swift in Sources */,
				F733DACC2858BC33009EF7EC /* NotificationsController.swift in Sources */,
				F7B51C3E286C6702006AC8A4 /* CaptionTextView.swift in Sources */,
				F733DACE2858BC45009EF7EC /* ConversationsController.swift in Sources */,
				F78491DF286338E0002CDECA /* Utilities.swift in Sources */,
				F733DAAC2858B7B9009EF7EC /* AppDelegate.swift in Sources */,
				F733DAD02858C95B009EF7EC /* Extensions.swift in Sources */,
				F733DACA2858BC24009EF7EC /* ExploreController.swift in Sources */,
				F7B51C2F2866046B006AC8A4 /* AuthService.swift in Sources */,
				F7B51C3A286C2707006AC8A4 /* UploadTweetController.swift in Sources */,
				F7B51C35286B4B07006AC8A4 /* User.swift in Sources */,
				F733DAAE2858B7B9009EF7EC /* SceneDelegate.swift in Sources */,
				F733DAC62858B99A009EF7EC /* MainTabController.swift in Sources */,
				F733DAD3285B8456009EF7EC /* LoginController.swift in Sources */,
				F733DAD5285B84E7009EF7EC /* RegistrationController.swift in Sources */,
				F733DAC82858BBCA009EF7EC /* FeedController.swift in Sources */,
				F7B51C2D2865F317006AC8A4 /* Constants.swift in Sources */,
				F7B51C40286D8C12006AC8A4 /* TweetService.swift in Sources */,
			);
			runOnlyForDeploymentPostprocessing = 0;
		};
/* End PBXSourcesBuildPhase section */

/* Begin PBXVariantGroup section */
		F733DAB12858B7B9009EF7EC /* Main.storyboard */ = {
			isa = PBXVariantGroup;
			children = (
				F733DAB22858B7B9009EF7EC /* Base */,
			);
			name = Main.storyboard;
			sourceTree = "<group>";
		};
		F733DAB62858B7BC009EF7EC /* LaunchScreen.storyboard */ = {
			isa = PBXVariantGroup;
			children = (
				F733DAB72858B7BC009EF7EC /* Base */,
			);
			name = LaunchScreen.storyboard;
			sourceTree = "<group>";
		};
/* End PBXVariantGroup section */

/* Begin XCBuildConfiguration section */
		F733DABA2858B7BC009EF7EC /* Debug */ = {
			isa = XCBuildConfiguration;
			buildSettings = {
				ALWAYS_SEARCH_USER_PATHS = NO;
				CLANG_ANALYZER_NONNULL = YES;
				CLANG_ANALYZER_NUMBER_OBJECT_CONVERSION = YES_AGGRESSIVE;
				CLANG_CXX_LANGUAGE_STANDARD = "gnu++17";
				CLANG_ENABLE_MODULES = YES;
				CLANG_ENABLE_OBJC_ARC = YES;
				CLANG_ENABLE_OBJC_WEAK = YES;
				CLANG_WARN_BLOCK_CAPTURE_AUTORELEASING = YES;
				CLANG_WARN_BOOL_CONVERSION = YES;
				CLANG_WARN_COMMA = YES;
				CLANG_WARN_CONSTANT_CONVERSION = YES;
				CLANG_WARN_DEPRECATED_OBJC_IMPLEMENTATIONS = YES;
				CLANG_WARN_DIRECT_OBJC_ISA_USAGE = YES_ERROR;
				CLANG_WARN_DOCUMENTATION_COMMENTS = YES;
				CLANG_WARN_EMPTY_BODY = YES;
				CLANG_WARN_ENUM_CONVERSION = YES;
				CLANG_WARN_INFINITE_RECURSION = YES;
				CLANG_WARN_INT_CONVERSION = YES;
				CLANG_WARN_NON_LITERAL_NULL_CONVERSION = YES;
				CLANG_WARN_OBJC_IMPLICIT_RETAIN_SELF = YES;
				CLANG_WARN_OBJC_LITERAL_CONVERSION = YES;
				CLANG_WARN_OBJC_ROOT_CLASS = YES_ERROR;
				CLANG_WARN_QUOTED_INCLUDE_IN_FRAMEWORK_HEADER = YES;
				CLANG_WARN_RANGE_LOOP_ANALYSIS = YES;
				CLANG_WARN_STRICT_PROTOTYPES = YES;
				CLANG_WARN_SUSPICIOUS_MOVE = YES;
				CLANG_WARN_UNGUARDED_AVAILABILITY = YES_AGGRESSIVE;
				CLANG_WARN_UNREACHABLE_CODE = YES;
				CLANG_WARN__DUPLICATE_METHOD_MATCH = YES;
				COPY_PHASE_STRIP = NO;
				DEBUG_INFORMATION_FORMAT = dwarf;
				ENABLE_STRICT_OBJC_MSGSEND = YES;
				ENABLE_TESTABILITY = YES;
				GCC_C_LANGUAGE_STANDARD = gnu11;
				GCC_DYNAMIC_NO_PIC = NO;
				GCC_NO_COMMON_BLOCKS = YES;
				GCC_OPTIMIZATION_LEVEL = 0;
				GCC_PREPROCESSOR_DEFINITIONS = (
					"DEBUG=1",
					"$(inherited)",
				);
				GCC_WARN_64_TO_32_BIT_CONVERSION = YES;
				GCC_WARN_ABOUT_RETURN_TYPE = YES_ERROR;
				GCC_WARN_UNDECLARED_SELECTOR = YES;
				GCC_WARN_UNINITIALIZED_AUTOS = YES_AGGRESSIVE;
				GCC_WARN_UNUSED_FUNCTION = YES;
				GCC_WARN_UNUSED_VARIABLE = YES;
				IPHONEOS_DEPLOYMENT_TARGET = 13.0;
				MTL_ENABLE_DEBUG_INFO = INCLUDE_SOURCE;
				MTL_FAST_MATH = YES;
				ONLY_ACTIVE_ARCH = YES;
				SDKROOT = iphoneos;
				SWIFT_ACTIVE_COMPILATION_CONDITIONS = DEBUG;
				SWIFT_OPTIMIZATION_LEVEL = "-Onone";
			};
			name = Debug;
		};
		F733DABB2858B7BC009EF7EC /* Release */ = {
			isa = XCBuildConfiguration;
			buildSettings = {
				ALWAYS_SEARCH_USER_PATHS = NO;
				CLANG_ANALYZER_NONNULL = YES;
				CLANG_ANALYZER_NUMBER_OBJECT_CONVERSION = YES_AGGRESSIVE;
				CLANG_CXX_LANGUAGE_STANDARD = "gnu++17";
				CLANG_ENABLE_MODULES = YES;
				CLANG_ENABLE_OBJC_ARC = YES;
				CLANG_ENABLE_OBJC_WEAK = YES;
				CLANG_WARN_BLOCK_CAPTURE_AUTORELEASING = YES;
				CLANG_WARN_BOOL_CONVERSION = YES;
				CLANG_WARN_COMMA = YES;
				CLANG_WARN_CONSTANT_CONVERSION = YES;
				CLANG_WARN_DEPRECATED_OBJC_IMPLEMENTATIONS = YES;
				CLANG_WARN_DIRECT_OBJC_ISA_USAGE = YES_ERROR;
				CLANG_WARN_DOCUMENTATION_COMMENTS = YES;
				CLANG_WARN_EMPTY_BODY = YES;
				CLANG_WARN_ENUM_CONVERSION = YES;
				CLANG_WARN_INFINITE_RECURSION = YES;
				CLANG_WARN_INT_CONVERSION = YES;
				CLANG_WARN_NON_LITERAL_NULL_CONVERSION = YES;
				CLANG_WARN_OBJC_IMPLICIT_RETAIN_SELF = YES;
				CLANG_WARN_OBJC_LITERAL_CONVERSION = YES;
				CLANG_WARN_OBJC_ROOT_CLASS = YES_ERROR;
				CLANG_WARN_QUOTED_INCLUDE_IN_FRAMEWORK_HEADER = YES;
				CLANG_WARN_RANGE_LOOP_ANALYSIS = YES;
				CLANG_WARN_STRICT_PROTOTYPES = YES;
				CLANG_WARN_SUSPICIOUS_MOVE = YES;
				CLANG_WARN_UNGUARDED_AVAILABILITY = YES_AGGRESSIVE;
				CLANG_WARN_UNREACHABLE_CODE = YES;
				CLANG_WARN__DUPLICATE_METHOD_MATCH = YES;
				COPY_PHASE_STRIP = NO;
				DEBUG_INFORMATION_FORMAT = "dwarf-with-dsym";
				ENABLE_NS_ASSERTIONS = NO;
				ENABLE_STRICT_OBJC_MSGSEND = YES;
				GCC_C_LANGUAGE_STANDARD = gnu11;
				GCC_NO_COMMON_BLOCKS = YES;
				GCC_WARN_64_TO_32_BIT_CONVERSION = YES;
				GCC_WARN_ABOUT_RETURN_TYPE = YES_ERROR;
				GCC_WARN_UNDECLARED_SELECTOR = YES;
				GCC_WARN_UNINITIALIZED_AUTOS = YES_AGGRESSIVE;
				GCC_WARN_UNUSED_FUNCTION = YES;
				GCC_WARN_UNUSED_VARIABLE = YES;
				IPHONEOS_DEPLOYMENT_TARGET = 13.0;
				MTL_ENABLE_DEBUG_INFO = NO;
				MTL_FAST_MATH = YES;
				SDKROOT = iphoneos;
				SWIFT_COMPILATION_MODE = wholemodule;
				SWIFT_OPTIMIZATION_LEVEL = "-O";
				VALIDATE_PRODUCT = YES;
			};
			name = Release;
		};
		F733DABD2858B7BC009EF7EC /* Debug */ = {
			isa = XCBuildConfiguration;
			buildSettings = {
				ASSETCATALOG_COMPILER_APPICON_NAME = AppIcon;
				ASSETCATALOG_COMPILER_GLOBAL_ACCENT_COLOR_NAME = AccentColor;
				CODE_SIGN_STYLE = Automatic;
				CURRENT_PROJECT_VERSION = 1;
				DEVELOPMENT_TEAM = 9ZAY36QDR2;
				GENERATE_INFOPLIST_FILE = YES;
				INFOPLIST_FILE = "TwitterClone-MVVM/Info.plist";
				INFOPLIST_KEY_UIApplicationSupportsIndirectInputEvents = YES;
				INFOPLIST_KEY_UILaunchStoryboardName = LaunchScreen;
				INFOPLIST_KEY_UIMainStoryboardFile = Main;
				INFOPLIST_KEY_UISupportedInterfaceOrientations_iPad = "UIInterfaceOrientationPortrait UIInterfaceOrientationPortraitUpsideDown UIInterfaceOrientationLandscapeLeft UIInterfaceOrientationLandscapeRight";
				INFOPLIST_KEY_UISupportedInterfaceOrientations_iPhone = "UIInterfaceOrientationPortrait UIInterfaceOrientationLandscapeLeft UIInterfaceOrientationLandscapeRight";
				LD_RUNPATH_SEARCH_PATHS = (
					"$(inherited)",
					"@executable_path/Frameworks",
				);
				MARKETING_VERSION = 1.0;
				PRODUCT_BUNDLE_IDENTIFIER = "com.buyasoft.TwitterClone-MVVM";
				PRODUCT_NAME = "$(TARGET_NAME)";
				SWIFT_EMIT_LOC_STRINGS = YES;
				SWIFT_VERSION = 5.0;
				TARGETED_DEVICE_FAMILY = "1,2";
			};
			name = Debug;
		};
		F733DABE2858B7BC009EF7EC /* Release */ = {
			isa = XCBuildConfiguration;
			buildSettings = {
				ASSETCATALOG_COMPILER_APPICON_NAME = AppIcon;
				ASSETCATALOG_COMPILER_GLOBAL_ACCENT_COLOR_NAME = AccentColor;
				CODE_SIGN_STYLE = Automatic;
				CURRENT_PROJECT_VERSION = 1;
				DEVELOPMENT_TEAM = 9ZAY36QDR2;
				GENERATE_INFOPLIST_FILE = YES;
				INFOPLIST_FILE = "TwitterClone-MVVM/Info.plist";
				INFOPLIST_KEY_UIApplicationSupportsIndirectInputEvents = YES;
				INFOPLIST_KEY_UILaunchStoryboardName = LaunchScreen;
				INFOPLIST_KEY_UIMainStoryboardFile = Main;
				INFOPLIST_KEY_UISupportedInterfaceOrientations_iPad = "UIInterfaceOrientationPortrait UIInterfaceOrientationPortraitUpsideDown UIInterfaceOrientationLandscapeLeft UIInterfaceOrientationLandscapeRight";
				INFOPLIST_KEY_UISupportedInterfaceOrientations_iPhone = "UIInterfaceOrientationPortrait UIInterfaceOrientationLandscapeLeft UIInterfaceOrientationLandscapeRight";
				LD_RUNPATH_SEARCH_PATHS = (
					"$(inherited)",
					"@executable_path/Frameworks",
				);
				MARKETING_VERSION = 1.0;
				PRODUCT_BUNDLE_IDENTIFIER = "com.buyasoft.TwitterClone-MVVM";
				PRODUCT_NAME = "$(TARGET_NAME)";
				SWIFT_EMIT_LOC_STRINGS = YES;
				SWIFT_VERSION = 5.0;
				TARGETED_DEVICE_FAMILY = "1,2";
			};
			name = Release;
		};
/* End XCBuildConfiguration section */

/* Begin XCConfigurationList section */
		F733DAA32858B7B9009EF7EC /* Build configuration list for PBXProject "TwitterClone-MVVM" */ = {
			isa = XCConfigurationList;
			buildConfigurations = (
				F733DABA2858B7BC009EF7EC /* Debug */,
				F733DABB2858B7BC009EF7EC /* Release */,
			);
			defaultConfigurationIsVisible = 0;
			defaultConfigurationName = Release;
		};
		F733DABC2858B7BC009EF7EC /* Build configuration list for PBXNativeTarget "TwitterClone-MVVM" */ = {
			isa = XCConfigurationList;
			buildConfigurations = (
				F733DABD2858B7BC009EF7EC /* Debug */,
				F733DABE2858B7BC009EF7EC /* Release */,
			);
			defaultConfigurationIsVisible = 0;
			defaultConfigurationName = Release;
		};
/* End XCConfigurationList section */

/* Begin XCRemoteSwiftPackageReference section */
		F7B51C232864A0B6006AC8A4 /* XCRemoteSwiftPackageReference "firebase-ios-sdk" */ = {
			isa = XCRemoteSwiftPackageReference;
			repositoryURL = "https://github.com/firebase/firebase-ios-sdk";
			requirement = {
				branch = master;
				kind = branch;
			};
		};
		F7B51C36286B5219006AC8A4 /* XCRemoteSwiftPackageReference "SDWebImage" */ = {
			isa = XCRemoteSwiftPackageReference;
			repositoryURL = "https://github.com/SDWebImage/SDWebImage.git";
			requirement = {
				kind = upToNextMajorVersion;
				minimumVersion = 5.0.0;
			};
		};
/* End XCRemoteSwiftPackageReference section */

/* Begin XCSwiftPackageProductDependency section */
		F7B51C242864A0B6006AC8A4 /* FirebaseAuth */ = {
			isa = XCSwiftPackageProductDependency;
			package = F7B51C232864A0B6006AC8A4 /* XCRemoteSwiftPackageReference "firebase-ios-sdk" */;
			productName = FirebaseAuth;
		};
		F7B51C262864A0B6006AC8A4 /* FirebaseDatabase */ = {
			isa = XCSwiftPackageProductDependency;
			package = F7B51C232864A0B6006AC8A4 /* XCRemoteSwiftPackageReference "firebase-ios-sdk" */;
			productName = FirebaseDatabase;
		};
		F7B51C282864A0B6006AC8A4 /* FirebaseFirestore */ = {
			isa = XCSwiftPackageProductDependency;
			package = F7B51C232864A0B6006AC8A4 /* XCRemoteSwiftPackageReference "firebase-ios-sdk" */;
			productName = FirebaseFirestore;
		};
		F7B51C2A2864A0B6006AC8A4 /* FirebaseStorage */ = {
			isa = XCSwiftPackageProductDependency;
			package = F7B51C232864A0B6006AC8A4 /* XCRemoteSwiftPackageReference "firebase-ios-sdk" */;
			productName = FirebaseStorage;
		};
		F7B51C37286B521A006AC8A4 /* SDWebImage */ = {
			isa = XCSwiftPackageProductDependency;
			package = F7B51C36286B5219006AC8A4 /* XCRemoteSwiftPackageReference "SDWebImage" */;
			productName = SDWebImage;
		};
/* End XCSwiftPackageProductDependency section */
	};
	rootObject = F733DAA02858B7B9009EF7EC /* Project object */;
}
